
Microsoft Visual Studio Solution File, Format Version 12.00
# Visual Studio Version 16
VisualStudioVersion = 16.0.31727.386
MinimumVisualStudioVersion = 10.0.40219.1
Project("{9A19103F-16F7-4668-BE54-9A1E7A4F7556}") = "KararDestekSistemi", "KararDestekSistemi.csproj", "{16CE8062-C12C-4D01-9B83-0B1E17C2ECDB}"
EndProject
Project("{2150E333-8FDC-42A3-9474-1A3956D46DE8}") = "Solution Items", "Solution Items", "{618EF527-13C0-4768-BA59-1795ED90FD9E}"
EndProject
Global
	GlobalSection(SolutionConfigurationPlatforms) = preSolution
		Debug|Any CPU = Debug|Any CPU
		Release|Any CPU = Release|Any CPU
	EndGlobalSection
	GlobalSection(ProjectConfigurationPlatforms) = postSolution
		{16CE8062-C12C-4D01-9B83-0B1E17C2ECDB}.Debug|Any CPU.ActiveCfg = Debug|Any CPU
		{16CE8062-C12C-4D01-9B83-0B1E17C2ECDB}.Debug|Any CPU.Build.0 = Debug|Any CPU
		{16CE8062-C12C-4D01-9B83-0B1E17C2ECDB}.Release|Any CPU.ActiveCfg = Release|Any CPU
		{16CE8062-C12C-4D01-9B83-0B1E17C2ECDB}.Release|Any CPU.Build.0 = Release|Any CPU
	EndGlobalSection
	GlobalSection(SolutionProperties) = preSolution
		HideSolutionNode = FALSE
	EndGlobalSection
	GlobalSection(ExtensibilityGlobals) = postSolution
		SolutionGuid = {32F18DE0-64BC-44D7-84C9-6A0E3775724A}
	EndGlobalSection
EndGlobal
